
Microsoft Visual Studio Solution File, Format Version 12.00
# Visual Studio Version 16
VisualStudioVersion = 16.0.29418.71
MinimumVisualStudioVersion = 10.0.40219.1
Project("{FAE04EC0-301F-11D3-BF4B-00C04F79EFBC}") = "AspNetCoreHttpClientFactory", "AspNetCoreHttpClientFactory\AspNetCoreHttpClientFactory.csproj", "{AF917686-B001-4E88-94CC-E63C0E300E4D}"
EndProject
Global
	GlobalSection(SolutionConfigurationPlatforms) = preSolution
		Debug|Any CPU = Debug|Any CPU
		Release|Any CPU = Release|Any CPU
	EndGlobalSection
	GlobalSection(ProjectConfigurationPlatforms) = postSolution
		{AF917686-B001-4E88-94CC-E63C0E300E4D}.Debug|Any CPU.ActiveCfg = Debug|Any CPU
		{AF917686-B001-4E88-94CC-E63C0E300E4D}.Debug|Any CPU.Build.0 = Debug|Any CPU
		{AF917686-B001-4E88-94CC-E63C0E300E4D}.Release|Any CPU.ActiveCfg = Release|Any CPU
		{AF917686-B001-4E88-94CC-E63C0E300E4D}.Release|Any CPU.Build.0 = Release|Any CPU
	EndGlobalSection
	GlobalSection(SolutionProperties) = preSolution
		HideSolutionNode = FALSE
	EndGlobalSection
	GlobalSection(ExtensibilityGlobals) = postSolution
		SolutionGuid = {6640DB16-2A70-4D6C-A5CE-F6FA7AED45A4}
	EndGlobalSection
EndGlobal
